
Microsoft Visual Studio Solution File, Format Version 12.00
# Visual Studio Version 17
VisualStudioVersion = 17.11.35222.181
MinimumVisualStudioVersion = 10.0.40219.1
Project("{FAE04EC0-301F-11D3-BF4B-00C04F79EFBC}") = "WinFormAPP", "WinFormAPP\WinFormAPP.csproj", "{590F9335-C248-4B25-A10D-4C7A4A7640DB}"
EndProject
Global
	GlobalSection(SolutionConfigurationPlatforms) = preSolution
		Debug|Any CPU = Debug|Any CPU
		Release|Any CPU = Release|Any CPU
	EndGlobalSection
	GlobalSection(ProjectConfigurationPlatforms) = postSolution
		{590F9335-C248-4B25-A10D-4C7A4A7640DB}.Debug|Any CPU.ActiveCfg = Debug|Any CPU
		{590F9335-C248-4B25-A10D-4C7A4A7640DB}.Debug|Any CPU.Build.0 = Debug|Any CPU
		{590F9335-C248-4B25-A10D-4C7A4A7640DB}.Release|Any CPU.ActiveCfg = Release|Any CPU
		{590F9335-C248-4B25-A10D-4C7A4A7640DB}.Release|Any CPU.Build.0 = Release|Any CPU
	EndGlobalSection
	GlobalSection(SolutionProperties) = preSolution
		HideSolutionNode = FALSE
	EndGlobalSection
	GlobalSection(ExtensibilityGlobals) = postSolution
		SolutionGuid = {1E095F39-0560-4E90-862D-1CECF348FB7E}
	EndGlobalSection
EndGlobal
